
Microsoft Visual Studio Solution File, Format Version 10.00
# Visual Studio 2008
Project("{8BC9CEB8-8B4A-11D0-8D11-00A0C91BC942}") = "FileMergeIndex", "FileMergeIndex.vcproj", "{96EB59D9-CF82-373F-B7C4-B41FED0FB73F}"
EndProject
Global
	GlobalSection(SolutionConfigurationPlatforms) = preSolution
		Debug|Win32 = Debug|Win32
		Release|Win32 = Release|Win32
	EndGlobalSection
	GlobalSection(ProjectConfigurationPlatforms) = postSolution
		{96EB59D9-CF82-373F-B7C4-B41FED0FB73F}.Debug|Win32.ActiveCfg = Debug|Win32
		{96EB59D9-CF82-373F-B7C4-B41FED0FB73F}.Debug|Win32.Build.0 = Debug|Win32
		{96EB59D9-CF82-373F-B7C4-B41FED0FB73F}.Release|Win32.ActiveCfg = Release|Win32
		{96EB59D9-CF82-373F-B7C4-B41FED0FB73F}.Release|Win32.Build.0 = Release|Win32
	EndGlobalSection
	GlobalSection(SolutionProperties) = preSolution
		HideSolutionNode = FALSE
	EndGlobalSection
EndGlobal
